
Microsoft Visual Studio Solution File, Format Version 12.00
# Visual Studio Version 16
VisualStudioVersion = 16.0.31129.286
MinimumVisualStudioVersion = 10.0.40219.1
Project("{FAE04EC0-301F-11D3-BF4B-00C04F79EFBC}") = "FrancescasMenu.UWP", "FrancescasMenu.UWP\FrancescasMenu.UWP.csproj", "{ACE0B9DC-BD17-46A8-95DC-417A924D2D9B}"
EndProject
Project("{FAE04EC0-301F-11D3-BF4B-00C04F79EFBC}") = "FrancescasMenu.Android", "FrancescasMenu.Android\FrancescasMenu.Android.csproj", "{9D7B6B5D-E18E-41CA-B714-05AE2B328A4C}"
EndProject
Project("{FAE04EC0-301F-11D3-BF4B-00C04F79EFBC}") = "FrancescasMenu.iOS", "FrancescasMenu.iOS\FrancescasMenu.iOS.csproj", "{27F16839-7AD9-45E2-A048-A7B2A8352250}"
EndProject
Project("{FAE04EC0-301F-11D3-BF4B-00C04F79EFBC}") = "FrancescasMenu", "FrancescasMenu\FrancescasMenu.csproj", "{DC55FB10-1B98-43CC-9AE6-2E394ED6B7C6}"
EndProject
Global
	GlobalSection(SolutionConfigurationPlatforms) = preSolution
		Debug|Any CPU = Debug|Any CPU
		Debug|ARM = Debug|ARM
		Debug|iPhone = Debug|iPhone
		Debug|iPhoneSimulator = Debug|iPhoneSimulator
		Debug|x64 = Debug|x64
		Debug|x86 = Debug|x86
		Release|Any CPU = Release|Any CPU
		Release|ARM = Release|ARM
		Release|iPhone = Release|iPhone
		Release|iPhoneSimulator = Release|iPhoneSimulator
		Release|x64 = Release|x64
		Release|x86 = Release|x86
	EndGlobalSection
	GlobalSection(ProjectConfigurationPlatforms) = postSolution
		{ACE0B9DC-BD17-46A8-95DC-417A924D2D9B}.Debug|Any CPU.ActiveCfg = Debug|x86
		{ACE0B9DC-BD17-46A8-95DC-417A924D2D9B}.Debug|Any CPU.Build.0 = Debug|x86
		{ACE0B9DC-BD17-46A8-95DC-417A924D2D9B}.Debug|Any CPU.Deploy.0 = Debug|x86
		{ACE0B9DC-BD17-46A8-95DC-417A924D2D9B}.Debug|ARM.ActiveCfg = Debug|ARM
		{ACE0B9DC-BD17-46A8-95DC-417A924D2D9B}.Debug|ARM.Build.0 = Debug|ARM
		{ACE0B9DC-BD17-46A8-95DC-417A924D2D9B}.Debug|ARM.Deploy.0 = Debug|ARM
		{ACE0B9DC-BD17-46A8-95DC-417A924D2D9B}.Debug|iPhone.ActiveCfg = Debug|x86
		{ACE0B9DC-BD17-46A8-95DC-417A924D2D9B}.Debug|iPhone.Build.0 = Debug|x86
		{ACE0B9DC-BD17-46A8-95DC-417A924D2D9B}.Debug|iPhone.Deploy.0 = Debug|x86
		{ACE0B9DC-BD17-46A8-95DC-417A924D2D9B}.Debug|iPhoneSimulator.ActiveCfg = Debug|x86
		{ACE0B9DC-BD17-46A8-95DC-417A924D2D9B}.Debug|iPhoneSimulator.Build.0 = Debug|x86
		{ACE0B9DC-BD17-46A8-95DC-417A924D2D9B}.Debug|iPhoneSimulator.Deploy.0 = Debug|x86
		{ACE0B9DC-BD17-46A8-95DC-417A924D2D9B}.Debug|x64.ActiveCfg = Debug|x64
		{ACE0B9DC-BD17-46A8-95DC-417A924D2D9B}.Debug|x64.Build.0 = Debug|x64
		{ACE0B9DC-BD17-46A8-95DC-417A924D2D9B}.Debug|x64.Deploy.0 = Debug|x64
		{ACE0B9DC-BD17-46A8-95DC-417A924D2D9B}.Debug|x86.ActiveCfg = Debug|x86
		{ACE0B9DC-BD17-46A8-95DC-417A924D2D9B}.Debug|x86.Build.0 = Debug|x86
		{ACE0B9DC-BD17-46A8-95DC-417A924D2D9B}.Debug|x86.Deploy.0 = Debug|x86
		{ACE0B9DC-BD17-46A8-95DC-417A924D2D9B}.Release|Any CPU.ActiveCfg = Release|x86
		{ACE0B9DC-BD17-46A8-95DC-417A924D2D9B}.Release|Any CPU.Build.0 = Release|x86
		{ACE0B9DC-BD17-46A8-95DC-417A924D2D9B}.Release|Any CPU.Deploy.0 = Release|x86
		{ACE0B9DC-BD17-46A8-95DC-417A924D2D9B}.Release|ARM.ActiveCfg = Release|ARM
		{ACE0B9DC-BD17-46A8-95DC-417A924D2D9B}.Release|ARM.Build.0 = Release|ARM
		{ACE0B9DC-BD17-46A8-95DC-417A924D2D9B}.Release|ARM.Deploy.0 = Release|ARM
		{ACE0B9DC-BD17-46A8-95DC-417A924D2D9B}.Release|iPhone.ActiveCfg = Release|x86
		{ACE0B9DC-BD17-46A8-95DC-417A924D2D9B}.Release|iPhone.Build.0 = Release|x86
		{ACE0B9DC-BD17-46A8-95DC-417A924D2D9B}.Release|iPhone.Deploy.0 = Release|x86
		{ACE0B9DC-BD17-46A8-95DC-417A924D2D9B}.Release|iPhoneSimulator.ActiveCfg = Release|x86
		{ACE0B9DC-BD17-46A8-95DC-417A924D2D9B}.Release|iPhoneSimulator.Build.0 = Release|x86
		{ACE0B9DC-BD17-46A8-95DC-417A924D2D9B}.Release|iPhoneSimulator.Deploy.0 = Release|x86
		{ACE0B9DC-BD17-46A8-95DC-417A924D2D9B}.Release|x64.ActiveCfg = Release|x64
		{ACE0B9DC-BD17-46A8-95DC-417A924D2D9B}.Release|x64.Build.0 = Release|x64
		{ACE0B9DC-BD17-46A8-95DC-417A924D2D9B}.Release|x64.Deploy.0 = Release|x64
		{ACE0B9DC-BD17-46A8-95DC-417A924D2D9B}.Release|x86.ActiveCfg = Release|x86
		{ACE0B9DC-BD17-46A8-95DC-417A924D2D9B}.Release|x86.Build.0 = Release|x86
		{ACE0B9DC-BD17-46A8-95DC-417A924D2D9B}.Release|x86.Deploy.0 = Release|x86
		{9D7B6B5D-E18E-41CA-B714-05AE2B328A4C}.Debug|Any CPU.ActiveCfg = Debug|Any CPU
		{9D7B6B5D-E18E-41CA-B714-05AE2B328A4C}.Debug|Any CPU.Build.0 = Debug|Any CPU
		{9D7B6B5D-E18E-41CA-B714-05AE2B328A4C}.Debug|Any CPU.Deploy.0 = Debug|Any CPU
		{9D7B6B5D-E18E-41CA-B714-05AE2B328A4C}.Debug|ARM.ActiveCfg = Debug|Any CPU
		{9D7B6B5D-E18E-41CA-B714-05AE2B328A4C}.Debug|ARM.Build.0 = Debug|Any CPU
		{9D7B6B5D-E18E-41CA-B714-05AE2B328A4C}.Debug|ARM.Deploy.0 = Debug|Any CPU
		{9D7B6B5D-E18E-41CA-B714-05AE2B328A4C}.Debug|iPhone.ActiveCfg = Debug|Any CPU
		{9D7B6B5D-E18E-41CA-B714-05AE2B328A4C}.Debug|iPhone.Build.0 = Debug|Any CPU
		{9D7B6B5D-E18E-41CA-B714-05AE2B328A4C}.Debug|iPhone.Deploy.0 = Debug|Any CPU
		{9D7B6B5D-E18E-41CA-B714-05AE2B328A4C}.Debug|iPhoneSimulator.ActiveCfg = Debug|Any CPU
		{9D7B6B5D-E18E-41CA-B714-05AE2B328A4C}.Debug|iPhoneSimulator.Build.0 = Debug|Any CPU
		{9D7B6B5D-E18E-41CA-B714-05AE2B328A4C}.Debug|iPhoneSimulator.Deploy.0 = Debug|Any CPU
		{9D7B6B5D-E18E-41CA-B714-05AE2B328A4C}.Debug|x64.ActiveCfg = Debug|Any CPU
		{9D7B6B5D-E18E-41CA-B714-05AE2B328A4C}.Debug|x64.Build.0 = Debug|Any CPU
		{9D7B6B5D-E18E-41CA-B714-05AE2B328A4C}.Debug|x64.Deploy.0 = Debug|Any CPU
		{9D7B6B5D-E18E-41CA-B714-05AE2B328A4C}.Debug|x86.ActiveCfg = Debug|Any CPU
		{9D7B6B5D-E18E-41CA-B714-05AE2B328A4C}.Debug|x86.Build.0 = Debug|Any CPU
		{9D7B6B5D-E18E-41CA-B714-05AE2B328A4C}.Debug|x86.Deploy.0 = Debug|Any CPU
		{9D7B6B5D-E18E-41CA-B714-05AE2B328A4C}.Release|Any CPU.ActiveCfg = Release|Any CPU
		{9D7B6B5D-E18E-41CA-B714-05AE2B328A4C}.Release|Any CPU.Build.0 = Release|Any CPU
		{9D7B6B5D-E18E-41CA-B714-05AE2B328A4C}.Release|Any CPU.Deploy.0 = Release|Any CPU
		{9D7B6B5D-E18E-41CA-B714-05AE2B328A4C}.Release|ARM.ActiveCfg = Release|Any CPU
		{9D7B6B5D-E18E-41CA-B714-05AE2B328A4C}.Release|ARM.Build.0 = Release|Any CPU
		{9D7B6B5D-E18E-41CA-B714-05AE2B328A4C}.Release|ARM.Deploy.0 = Release|Any CPU
		{9D7B6B5D-E18E-41CA-B714-05AE2B328A4C}.Release|iPhone.ActiveCfg = Release|Any CPU
		{9D7B6B5D-E18E-41CA-B714-05AE2B328A4C}.Release|iPhone.Build.0 = Release|Any CPU
		{9D7B6B5D-E18E-41CA-B714-05AE2B328A4C}.Release|iPhone.Deploy.0 = Release|Any CPU
		{9D7B6B5D-E18E-41CA-B714-05AE2B328A4C}.Release|iPhoneSimulator.ActiveCfg = Release|Any CPU
		{9D7B6B5D-E18E-41CA-B714-05AE2B328A4C}.Release|iPhoneSimulator.Build.0 = Release|Any CPU
		{9D7B6B5D-E18E-41CA-B714-05AE2B328A4C}.Release|iPhoneSimulator.Deploy.0 = Release|Any CPU
		{9D7B6B5D-E18E-41CA-B714-05AE2B328A4C}.Release|x64.ActiveCfg = Release|Any CPU
		{9D7B6B5D-E18E-41CA-B714-05AE2B328A4C}.Release|x64.Build.0 = Release|Any CPU
		{9D7B6B5D-E18E-41CA-B714-05AE2B328A4C}.Release|x64.Deploy.0 = Release|Any CPU
		{9D7B6B5D-E18E-41CA-B714-05AE2B328A4C}.Release|x86.ActiveCfg = Release|Any CPU
		{9D7B6B5D-E18E-41CA-B714-05AE2B328A4C}.Release|x86.Build.0 = Release|Any CPU
		{9D7B6B5D-E18E-41CA-B714-05AE2B328A4C}.Release|x86.Deploy.0 = Release|Any CPU
		{27F16839-7AD9-45E2-A048-A7B2A8352250}.Debug|Any CPU.ActiveCfg = Debug|iPhoneSimulator
		{27F16839-7AD9-45E2-A048-A7B2A8352250}.Debug|Any CPU.Build.0 = Debug|iPhoneSimulator
		{27F16839-7AD9-45E2-A048-A7B2A8352250}.Debug|Any CPU.Deploy.0 = Debug|iPhoneSimulator
		{27F16839-7AD9-45E2-A048-A7B2A8352250}.Debug|ARM.ActiveCfg = Debug|iPhone
		{27F16839-7AD9-45E2-A048-A7B2A8352250}.Debug|ARM.Build.0 = Debug|iPhone
		{27F16839-7AD9-45E2-A048-A7B2A8352250}.Debug|ARM.Deploy.0 = Debug|iPhone
		{27F16839-7AD9-45E2-A048-A7B2A8352250}.Debug|iPhone.ActiveCfg = Debug|iPhone
		{27F16839-7AD9-45E2-A048-A7B2A8352250}.Debug|iPhone.Build.0 = Debug|iPhone
		{27F16839-7AD9-45E2-A048-A7B2A8352250}.Debug|iPhone.Deploy.0 = Debug|iPhone
		{27F16839-7AD9-45E2-A048-A7B2A8352250}.Debug|iPhoneSimulator.ActiveCfg = Debug|iPhoneSimulator
		{27F16839-7AD9-45E2-A048-A7B2A8352250}.Debug|iPhoneSimulator.Build.0 = Debug|iPhoneSimulator
		{27F16839-7AD9-45E2-A048-A7B2A8352250}.Debug|iPhoneSimulator.Deploy.0 = Debug|iPhoneSimulator
		{27F16839-7AD9-45E2-A048-A7B2A8352250}.Debug|x64.ActiveCfg = Debug|iPhoneSimulator
		{27F16839-7AD9-45E2-A048-A7B2A8352250}.Debug|x64.Build.0 = Debug|iPhoneSimulator
		{27F16839-7AD9-45E2-A048-A7B2A8352250}.Debug|x64.Deploy.0 = Debug|iPhoneSimulator
		{27F16839-7AD9-45E2-A048-A7B2A8352250}.Debug|x86.ActiveCfg = Debug|iPhoneSimulator
		{27F16839-7AD9-45E2-A048-A7B2A8352250}.Debug|x86.Build.0 = Debug|iPhoneSimulator
		{27F16839-7AD9-45E2-A048-A7B2A8352250}.Debug|x86.Deploy.0 = Debug|iPhoneSimulator
		{27F16839-7AD9-45E2-A048-A7B2A8352250}.Release|Any CPU.ActiveCfg = Release|iPhoneSimulator
		{27F16839-7AD9-45E2-A048-A7B2A8352250}.Release|Any CPU.Build.0 = Release|iPhoneSimulator
		{27F16839-7AD9-45E2-A048-A7B2A8352250}.Release|Any CPU.Deploy.0 = Release|iPhoneSimulator
		{27F16839-7AD9-45E2-A048-A7B2A8352250}.Release|ARM.ActiveCfg = Release|iPhoneSimulator
		{27F16839-7AD9-45E2-A048-A7B2A8352250}.Release|ARM.Build.0 = Release|iPhoneSimulator
		{27F16839-7AD9-45E2-A048-A7B2A8352250}.Release|ARM.Deploy.0 = Release|iPhoneSimulator
		{27F16839-7AD9-45E2-A048-A7B2A8352250}.Release|iPhone.ActiveCfg = Release|iPhone
		{27F16839-7AD9-45E2-A048-A7B2A8352250}.Release|iPhone.Build.0 = Release|iPhone
		{27F16839-7AD9-45E2-A048-A7B2A8352250}.Release|iPhone.Deploy.0 = Release|iPhone
		{27F16839-7AD9-45E2-A048-A7B2A8352250}.Release|iPhoneSimulator.ActiveCfg = Release|iPhoneSimulator
		{27F16839-7AD9-45E2-A048-A7B2A8352250}.Release|iPhoneSimulator.Build.0 = Release|iPhoneSimulator
		{27F16839-7AD9-45E2-A048-A7B2A8352250}.Release|iPhoneSimulator.Deploy.0 = Release|iPhoneSimulator
		{27F16839-7AD9-45E2-A048-A7B2A8352250}.Release|x64.ActiveCfg = Release|iPhoneSimulator
		{27F16839-7AD9-45E2-A048-A7B2A8352250}.Release|x64.Build.0 = Release|iPhoneSimulator
		{27F16839-7AD9-45E2-A048-A7B2A8352250}.Release|x64.Deploy.0 = Release|iPhoneSimulator
		{27F16839-7AD9-45E2-A048-A7B2A8352250}.Release|x86.ActiveCfg = Release|iPhoneSimulator
		{27F16839-7AD9-45E2-A048-A7B2A8352250}.Release|x86.Build.0 = Release|iPhoneSimulator
		{27F16839-7AD9-45E2-A048-A7B2A8352250}.Release|x86.Deploy.0 = Release|iPhoneSimulator
		{DC55FB10-1B98-43CC-9AE6-2E394ED6B7C6}.Debug|Any CPU.ActiveCfg = Debug|Any CPU
		{DC55FB10-1B98-43CC-9AE6-2E394ED6B7C6}.Debug|Any CPU.Build.0 = Debug|Any CPU
		{DC55FB10-1B98-43CC-9AE6-2E394ED6B7C6}.Debug|Any CPU.Deploy.0 = Debug|Any CPU
		{DC55FB10-1B98-43CC-9AE6-2E394ED6B7C6}.Debug|ARM.ActiveCfg = Debug|Any CPU
		{DC55FB10-1B98-43CC-9AE6-2E394ED6B7C6}.Debug|ARM.Build.0 = Debug|Any CPU
		{DC55FB10-1B98-43CC-9AE6-2E394ED6B7C6}.Debug|ARM.Deploy.0 = Debug|Any CPU
		{DC55FB10-1B98-43CC-9AE6-2E394ED6B7C6}.Debug|iPhone.ActiveCfg = Debug|Any CPU
		{DC55FB10-1B98-43CC-9AE6-2E394ED6B7C6}.Debug|iPhone.Build.0 = Debug|Any CPU
		{DC55FB10-1B98-43CC-9AE6-2E394ED6B7C6}.Debug|iPhone.Deploy.0 = Debug|Any CPU
		{DC55FB10-1B98-43CC-9AE6-2E394ED6B7C6}.Debug|iPhoneSimulator.ActiveCfg = Debug|Any CPU
		{DC55FB10-1B98-43CC-9AE6-2E394ED6B7C6}.Debug|iPhoneSimulator.Build.0 = Debug|Any CPU
		{DC55FB10-1B98-43CC-9AE6-2E394ED6B7C6}.Debug|iPhoneSimulator.Deploy.0 = Debug|Any CPU
		{DC55FB10-1B98-43CC-9AE6-2E394ED6B7C6}.Debug|x64.ActiveCfg = Debug|Any CPU
		{DC55FB10-1B98-43CC-9AE6-2E394ED6B7C6}.Debug|x64.Build.0 = Debug|Any CPU
		{DC55FB10-1B98-43CC-9AE6-2E394ED6B7C6}.Debug|x64.Deploy.0 = Debug|Any CPU
		{DC55FB10-1B98-43CC-9AE6-2E394ED6B7C6}.Debug|x86.ActiveCfg = Debug|Any CPU
		{DC55FB10-1B98-43CC-9AE6-2E394ED6B7C6}.Debug|x86.Build.0 = Debug|Any CPU
		{DC55FB10-1B98-43CC-9AE6-2E394ED6B7C6}.Debug|x86.Deploy.0 = Debug|Any CPU
		{DC55FB10-1B98-43CC-9AE6-2E394ED6B7C6}.Release|Any CPU.ActiveCfg = Release|Any CPU
		{DC55FB10-1B98-43CC-9AE6-2E394ED6B7C6}.Release|Any CPU.Build.0 = Release|Any CPU
		{DC55FB10-1B98-43CC-9AE6-2E394ED6B7C6}.Release|Any CPU.Deploy.0 = Release|Any CPU
		{DC55FB10-1B98-43CC-9AE6-2E394ED6B7C6}.Release|ARM.ActiveCfg = Release|Any CPU
		{DC55FB10-1B98-43CC-9AE6-2E394ED6B7C6}.Release|ARM.Build.0 = Release|Any CPU
		{DC55FB10-1B98-43CC-9AE6-2E394ED6B7C6}.Release|ARM.Deploy.0 = Release|Any CPU
		{DC55FB10-1B98-43CC-9AE6-2E394ED6B7C6}.Release|iPhone.ActiveCfg = Release|Any CPU
		{DC55FB10-1B98-43CC-9AE6-2E394ED6B7C6}.Release|iPhone.Build.0 = Release|Any CPU
		{DC55FB10-1B98-43CC-9AE6-2E394ED6B7C6}.Release|iPhone.Deploy.0 = Release|Any CPU
		{DC55FB10-1B98-43CC-9AE6-2E394ED6B7C6}.Release|iPhoneSimulator.ActiveCfg = Release|Any CPU
		{DC55FB10-1B98-43CC-9AE6-2E394ED6B7C6}.Release|iPhoneSimulator.Build.0 = Release|Any CPU
		{DC55FB10-1B98-43CC-9AE6-2E394ED6B7C6}.Release|iPhoneSimulator.Deploy.0 = Release|Any CPU
		{DC55FB10-1B98-43CC-9AE6-2E394ED6B7C6}.Release|x64.ActiveCfg = Release|Any CPU
		{DC55FB10-1B98-43CC-9AE6-2E394ED6B7C6}.Release|x64.Build.0 = Release|Any CPU
		{DC55FB10-1B98-43CC-9AE6-2E394ED6B7C6}.Release|x64.Deploy.0 = Release|Any CPU
		{DC55FB10-1B98-43CC-9AE6-2E394ED6B7C6}.Release|x86.ActiveCfg = Release|Any CPU
		{DC55FB10-1B98-43CC-9AE6-2E394ED6B7C6}.Release|x86.Build.0 = Release|Any CPU
		{DC55FB10-1B98-43CC-9AE6-2E394ED6B7C6}.Release|x86.Deploy.0 = Release|Any CPU
	EndGlobalSection
	GlobalSection(SolutionProperties) = preSolution
		HideSolutionNode = FALSE
	EndGlobalSection
	GlobalSection(ExtensibilityGlobals) = postSolution
		SolutionGuid = {637CFF54-FEDC-4E8D-9A76-BBAD596532E3}
	EndGlobalSection
EndGlobal
